// !$*UTF8*$!
{
	archiveVersion = 1;
	classes = {
	};
	objectVersion = 46;
	objects = {

/* Begin PBXBuildFile section */
		F1157EC314107DB90017C2CB /* MediaPlayer.framework in Frameworks */ = {isa = PBXBuildFile; fileRef = F1157EC214107DB90017C2CB /* MediaPlayer.framework */; };
		F1157EC614108D3F0017C2CB /* Default-Landscape~ipad.png in Resources */ = {isa = PBXBuildFile; fileRef = F1157EC514108D3F0017C2CB /* Default-Landscape~ipad.png */; };
		F1157ECA14108D940017C2CB /* Default-Portrait~ipad.png in Resources */ = {isa = PBXBuildFile; fileRef = F1157EC914108D940017C2CB /* Default-Portrait~ipad.png */; };
		F1157ECC14108F470017C2CB /* guestbook.png in Resources */ = {isa = PBXBuildFile; fileRef = F1157ECB14108F470017C2CB /* guestbook.png */; };
		F1528C9C141BC40D004BA1EF /* iTunesArtwork in Resources */ = {isa = PBXBuildFile; fileRef = F1528C9B141BC40D004BA1EF /* iTunesArtwork */; };
		F157356414119F520034BD4D /* DetailViewController.m in Sources */ = {isa = PBXBuildFile; fileRef = F157356214119F520034BD4D /* DetailViewController.m */; };
		F157356514119F520034BD4D /* DetailViewController.xib in Resources */ = {isa = PBXBuildFile; fileRef = F157356314119F520034BD4D /* DetailViewController.xib */; };
		F18EAF59141BBABE00FA99AB /* spine.png in Resources */ = {isa = PBXBuildFile; fileRef = F18EAF58141BBABE00FA99AB /* spine.png */; };
		F19EAB0D1424199400AA9EF6 /* settings.png in Resources */ = {isa = PBXBuildFile; fileRef = F19EAB0B1424199300AA9EF6 /* settings.png */; };
		F19EAB0E1424199400AA9EF6 /* spotlight.png in Resources */ = {isa = PBXBuildFile; fileRef = F19EAB0C1424199300AA9EF6 /* spotlight.png */; };
		F1ABACA51419AFCB00AF9BC5 /* no-media.png in Resources */ = {isa = PBXBuildFile; fileRef = F1ABACA41419AFCB00AF9BC5 /* no-media.png */; };
		F1B3F7B9140418F000549C03 /* UIKit.framework in Frameworks */ = {isa = PBXBuildFile; fileRef = F1B3F7B8140418F000549C03 /* UIKit.framework */; };
		F1B3F7BB140418F000549C03 /* Foundation.framework in Frameworks */ = {isa = PBXBuildFile; fileRef = F1B3F7BA140418F000549C03 /* Foundation.framework */; };
		F1B3F7BD140418F000549C03 /* CoreGraphics.framework in Frameworks */ = {isa = PBXBuildFile; fileRef = F1B3F7BC140418F000549C03 /* CoreGraphics.framework */; };
		F1B3F7BF140418F000549C03 /* CoreData.framework in Frameworks */ = {isa = PBXBuildFile; fileRef = F1B3F7BE140418F000549C03 /* CoreData.framework */; };
		F1B3F7C5140418F000549C03 /* InfoPlist.strings in Resources */ = {isa = PBXBuildFile; fileRef = F1B3F7C3140418F000549C03 /* InfoPlist.strings */; };
		F1B3F7C8140418F000549C03 /* main.m in Sources */ = {isa = PBXBuildFile; fileRef = F1B3F7C7140418F000549C03 /* main.m */; };
		F1B3F7CB140418F000549C03 /* GuestBookAppDelegate.m in Sources */ = {isa = PBXBuildFile; fileRef = F1B3F7CA140418F000549C03 /* GuestBookAppDelegate.m */; };
		F1B3F7CE140418F000549C03 /* GuestBook.xcdatamodeld in Sources */ = {isa = PBXBuildFile; fileRef = F1B3F7CC140418F000549C03 /* GuestBook.xcdatamodeld */; };
		F1B3F7D1140418F000549C03 /* MainWindow.xib in Resources */ = {isa = PBXBuildFile; fileRef = F1B3F7CF140418F000549C03 /* MainWindow.xib */; };
		F1B3F7D4140418F000549C03 /* RootViewController.m in Sources */ = {isa = PBXBuildFile; fileRef = F1B3F7D3140418F000549C03 /* RootViewController.m */; };
		F1B3F7D7140418F000549C03 /* RootViewController.xib in Resources */ = {isa = PBXBuildFile; fileRef = F1B3F7D5140418F000549C03 /* RootViewController.xib */; };
		F1B3F7DE140418F000549C03 /* UIKit.framework in Frameworks */ = {isa = PBXBuildFile; fileRef = F1B3F7B8140418F000549C03 /* UIKit.framework */; };
		F1B3F7DF140418F000549C03 /* Foundation.framework in Frameworks */ = {isa = PBXBuildFile; fileRef = F1B3F7BA140418F000549C03 /* Foundation.framework */; };
		F1B3F7E0140418F000549C03 /* CoreGraphics.framework in Frameworks */ = {isa = PBXBuildFile; fileRef = F1B3F7BC140418F000549C03 /* CoreGraphics.framework */; };
		F1B3F7E1140418F000549C03 /* CoreData.framework in Frameworks */ = {isa = PBXBuildFile; fileRef = F1B3F7BE140418F000549C03 /* CoreData.framework */; };
		F1B3F7E9140418F000549C03 /* InfoPlist.strings in Resources */ = {isa = PBXBuildFile; fileRef = F1B3F7E7140418F000549C03 /* InfoPlist.strings */; };
		F1B3F7EC140418F000549C03 /* GuestBookTests.h in Resources */ = {isa = PBXBuildFile; fileRef = F1B3F7EB140418F000549C03 /* GuestBookTests.h */; };
		F1B3F7EE140418F000549C03 /* GuestBookTests.m in Sources */ = {isa = PBXBuildFile; fileRef = F1B3F7ED140418F000549C03 /* GuestBookTests.m */; };
		F1B3F7FA1404190B00549C03 /* MainWindow-iPad.xib in Resources */ = {isa = PBXBuildFile; fileRef = F1B3F7F81404190B00549C03 /* MainWindow-iPad.xib */; };
		F1B3F7FE14043E9F00549C03 /* EventListController.m in Sources */ = {isa = PBXBuildFile; fileRef = F1B3F7FC14043E9F00549C03 /* EventListController.m */; };
		F1B3F7FF14043E9F00549C03 /* EventListController.xib in Resources */ = {isa = PBXBuildFile; fileRef = F1B3F7FD14043E9F00549C03 /* EventListController.xib */; };
		F1B3F80314043F6F00549C03 /* AddSignatureViewController.m in Sources */ = {isa = PBXBuildFile; fileRef = F1B3F80114043F6F00549C03 /* AddSignatureViewController.m */; };
		F1B3F80414043F6F00549C03 /* AddSignatureViewController.xib in Resources */ = {isa = PBXBuildFile; fileRef = F1B3F80214043F6F00549C03 /* AddSignatureViewController.xib */; };
		F1B3F80814043FF900549C03 /* AddEventViewController.m in Sources */ = {isa = PBXBuildFile; fileRef = F1B3F80614043FF800549C03 /* AddEventViewController.m */; };
		F1B3F80914043FF900549C03 /* AddEventViewController.xib in Resources */ = {isa = PBXBuildFile; fileRef = F1B3F80714043FF900549C03 /* AddEventViewController.xib */; };
		F1B8013D14087964007CE067 /* Signature.m in Sources */ = {isa = PBXBuildFile; fileRef = F1B8013C14087964007CE067 /* Signature.m */; };
		F1B8014014087995007CE067 /* Event.m in Sources */ = {isa = PBXBuildFile; fileRef = F1B8013F14087995007CE067 /* Event.m */; };
		F1B8014A140C7924007CE067 /* MobileCoreServices.framework in Frameworks */ = {isa = PBXBuildFile; fileRef = F1B80149140C7924007CE067 /* MobileCoreServices.framework */; };
		F1C9E7BB14184D03007F0E67 /* UIImage+Resize.m in Sources */ = {isa = PBXBuildFile; fileRef = F1C9E7BA14184D03007F0E67 /* UIImage+Resize.m */; };
		F1C9E7BF14184D82007F0E67 /* UIImage+RoundedCorner.m in Sources */ = {isa = PBXBuildFile; fileRef = F1C9E7BE14184D82007F0E67 /* UIImage+RoundedCorner.m */; };
		F1C9E7C214184DC1007F0E67 /* UIImage+Alpha.m in Sources */ = {isa = PBXBuildFile; fileRef = F1C9E7C114184DC1007F0E67 /* UIImage+Alpha.m */; };
		F1DDDDEB1422B568001248EF /* pages.png in Resources */ = {isa = PBXBuildFile; fileRef = F1DDDDEA1422B568001248EF /* pages.png */; };
/* End PBXBuildFile section */

/* Begin PBXContainerItemProxy section */
		F1B3F7E2140418F000549C03 /* PBXContainerItemProxy */ = {
			isa = PBXContainerItemProxy;
			containerPortal = F1B3F7AB140418EF00549C03 /* Project object */;
			proxyType = 1;
			remoteGlobalIDString = F1B3F7B3140418F000549C03;
			remoteInfo = GuestBook;
		};
/* End PBXContainerItemProxy section */

/* Begin PBXFileReference section */
		F1157EC214107DB90017C2CB /* MediaPlayer.framework */ = {isa = PBXFileReference; lastKnownFileType = wrapper.framework; name = MediaPlayer.framework; path = System/Library/Frameworks/MediaPlayer.framework; sourceTree = SDKROOT; };
		F1157EC514108D3F0017C2CB /* Default-Landscape~ipad.png */ = {isa = PBXFileReference; lastKnownFileType = image.png; name = "Default-Landscape~ipad.png"; path = "../Default-Landscape~ipad.png"; sourceTree = "<group>"; };
		F1157EC914108D940017C2CB /* Default-Portrait~ipad.png */ = {isa = PBXFileReference; lastKnownFileType = image.png; name = "Default-Portrait~ipad.png"; path = "../Default-Portrait~ipad.png"; sourceTree = "<group>"; };
		F1157ECB14108F470017C2CB /* guestbook.png */ = {isa = PBXFileReference; lastKnownFileType = image.png; name = guestbook.png; path = ../guestbook.png; sourceTree = "<group>"; };
		F1528C9B141BC40D004BA1EF /* iTunesArtwork */ = {isa = PBXFileReference; lastKnownFileType = file; path = iTunesArtwork; sourceTree = SOURCE_ROOT; };
		F157356114119F520034BD4D /* DetailViewController.h */ = {isa = PBXFileReference; fileEncoding = 4; lastKnownFileType = sourcecode.c.h; path = DetailViewController.h; sourceTree = "<group>"; };
		F157356214119F520034BD4D /* DetailViewController.m */ = {isa = PBXFileReference; fileEncoding = 4; lastKnownFileType = sourcecode.c.objc; path = DetailViewController.m; sourceTree = "<group>"; };
		F157356314119F520034BD4D /* DetailViewController.xib */ = {isa = PBXFileReference; fileEncoding = 4; lastKnownFileType = file.xib; path = DetailViewController.xib; sourceTree = "<group>"; };
		F18EAF58141BBABE00FA99AB /* spine.png */ = {isa = PBXFileReference; lastKnownFileType = image.png; path = spine.png; sourceTree = SOURCE_ROOT; };
		F18EAF5B141BC02100FA99AB /* book.png */ = {isa = PBXFileReference; lastKnownFileType = image.png; path = book.png; sourceTree = SOURCE_ROOT; };
		F18F8754140488E2000DD6A4 /* GuestBookTasks.rtf */ = {isa = PBXFileReference; lastKnownFileType = text.rtf; path = GuestBookTasks.rtf; sourceTree = SOURCE_ROOT; };
		F19EAB0B1424199300AA9EF6 /* settings.png */ = {isa = PBXFileReference; lastKnownFileType = image.png; path = settings.png; sourceTree = SOURCE_ROOT; };
		F19EAB0C1424199300AA9EF6 /* spotlight.png */ = {isa = PBXFileReference; lastKnownFileType = image.png; path = spotlight.png; sourceTree = SOURCE_ROOT; };
		F1ABACA41419AFCB00AF9BC5 /* no-media.png */ = {isa = PBXFileReference; lastKnownFileType = image.png; path = "no-media.png"; sourceTree = SOURCE_ROOT; };
		F1B3F7B4140418F000549C03 /* GuestBook.app */ = {isa = PBXFileReference; explicitFileType = wrapper.application; includeInIndex = 0; path = GuestBook.app; sourceTree = BUILT_PRODUCTS_DIR; };
		F1B3F7B8140418F000549C03 /* UIKit.framework */ = {isa = PBXFileReference; lastKnownFileType = wrapper.framework; name = UIKit.framework; path = System/Library/Frameworks/UIKit.framework; sourceTree = SDKROOT; };
		F1B3F7BA140418F000549C03 /* Foundation.framework */ = {isa = PBXFileReference; lastKnownFileType = wrapper.framework; name = Foundation.framework; path = System/Library/Frameworks/Foundation.framework; sourceTree = SDKROOT; };
		F1B3F7BC140418F000549C03 /* CoreGraphics.framework */ = {isa = PBXFileReference; lastKnownFileType = wrapper.framework; name = CoreGraphics.framework; path = System/Library/Frameworks/CoreGraphics.framework; sourceTree = SDKROOT; };
		F1B3F7BE140418F000549C03 /* CoreData.framework */ = {isa = PBXFileReference; lastKnownFileType = wrapper.framework; name = CoreData.framework; path = System/Library/Frameworks/CoreData.framework; sourceTree = SDKROOT; };
		F1B3F7C2140418F000549C03 /* GuestBook-Info.plist */ = {isa = PBXFileReference; lastKnownFileType = text.plist.xml; path = "GuestBook-Info.plist"; sourceTree = "<group>"; };
		F1B3F7C4140418F000549C03 /* en */ = {isa = PBXFileReference; lastKnownFileType = text.plist.strings; name = en; path = en.lproj/InfoPlist.strings; sourceTree = "<group>"; };
		F1B3F7C6140418F000549C03 /* GuestBook-Prefix.pch */ = {isa = PBXFileReference; lastKnownFileType = sourcecode.c.h; path = "GuestBook-Prefix.pch"; sourceTree = "<group>"; };
		F1B3F7C7140418F000549C03 /* main.m */ = {isa = PBXFileReference; lastKnownFileType = sourcecode.c.objc; path = main.m; sourceTree = "<group>"; };
		F1B3F7C9140418F000549C03 /* GuestBookAppDelegate.h */ = {isa = PBXFileReference; lastKnownFileType = sourcecode.c.h; path = GuestBookAppDelegate.h; sourceTree = "<group>"; };
		F1B3F7CA140418F000549C03 /* GuestBookAppDelegate.m */ = {isa = PBXFileReference; lastKnownFileType = sourcecode.c.objc; path = GuestBookAppDelegate.m; sourceTree = "<group>"; };
		F1B3F7CD140418F000549C03 /* GuestBook.xcdatamodel */ = {isa = PBXFileReference; lastKnownFileType = wrapper.xcdatamodel; path = GuestBook.xcdatamodel; sourceTree = "<group>"; };
		F1B3F7D0140418F000549C03 /* en */ = {isa = PBXFileReference; lastKnownFileType = file.xib; name = en; path = en.lproj/MainWindow.xib; sourceTree = "<group>"; };
		F1B3F7D2140418F000549C03 /* RootViewController.h */ = {isa = PBXFileReference; lastKnownFileType = sourcecode.c.h; path = RootViewController.h; sourceTree = "<group>"; };
		F1B3F7D3140418F000549C03 /* RootViewController.m */ = {isa = PBXFileReference; lastKnownFileType = sourcecode.c.objc; path = RootViewController.m; sourceTree = "<group>"; };
		F1B3F7D6140418F000549C03 /* en */ = {isa = PBXFileReference; lastKnownFileType = file.xib; name = en; path = en.lproj/RootViewController.xib; sourceTree = "<group>"; };
		F1B3F7DD140418F000549C03 /* GuestBookTests.octest */ = {isa = PBXFileReference; explicitFileType = wrapper.cfbundle; includeInIndex = 0; path = GuestBookTests.octest; sourceTree = BUILT_PRODUCTS_DIR; };
		F1B3F7E6140418F000549C03 /* GuestBookTests-Info.plist */ = {isa = PBXFileReference; lastKnownFileType = text.plist.xml; path = "GuestBookTests-Info.plist"; sourceTree = "<group>"; };
		F1B3F7E8140418F000549C03 /* en */ = {isa = PBXFileReference; lastKnownFileType = text.plist.strings; name = en; path = en.lproj/InfoPlist.strings; sourceTree = "<group>"; };
		F1B3F7EA140418F000549C03 /* GuestBookTests-Prefix.pch */ = {isa = PBXFileReference; lastKnownFileType = sourcecode.c.h; path = "GuestBookTests-Prefix.pch"; sourceTree = "<group>"; };
		F1B3F7EB140418F000549C03 /* GuestBookTests.h */ = {isa = PBXFileReference; lastKnownFileType = sourcecode.c.h; path = GuestBookTests.h; sourceTree = "<group>"; };
		F1B3F7ED140418F000549C03 /* GuestBookTests.m */ = {isa = PBXFileReference; lastKnownFileType = sourcecode.c.objc; path = GuestBookTests.m; sourceTree = "<group>"; };
		F1B3F7F91404190B00549C03 /* en */ = {isa = PBXFileReference; lastKnownFileType = file.xib; name = en; path = "iPad/en.lproj/MainWindow-iPad.xib"; sourceTree = "<group>"; };
		F1B3F7FB14043E9F00549C03 /* EventListController.h */ = {isa = PBXFileReference; fileEncoding = 4; lastKnownFileType = sourcecode.c.h; path = EventListController.h; sourceTree = "<group>"; };
		F1B3F7FC14043E9F00549C03 /* EventListController.m */ = {isa = PBXFileReference; fileEncoding = 4; lastKnownFileType = sourcecode.c.objc; path = EventListController.m; sourceTree = "<group>"; };
		F1B3F7FD14043E9F00549C03 /* EventListController.xib */ = {isa = PBXFileReference; fileEncoding = 4; lastKnownFileType = file.xib; path = EventListController.xib; sourceTree = "<group>"; };
		F1B3F80014043F6F00549C03 /* AddSignatureViewController.h */ = {isa = PBXFileReference; fileEncoding = 4; lastKnownFileType = sourcecode.c.h; path = AddSignatureViewController.h; sourceTree = "<group>"; };
		F1B3F80114043F6F00549C03 /* AddSignatureViewController.m */ = {isa = PBXFileReference; fileEncoding = 4; lastKnownFileType = sourcecode.c.objc; path = AddSignatureViewController.m; sourceTree = "<group>"; };
		F1B3F80214043F6F00549C03 /* AddSignatureViewController.xib */ = {isa = PBXFileReference; fileEncoding = 4; lastKnownFileType = file.xib; path = AddSignatureViewController.xib; sourceTree = "<group>"; };
		F1B3F80514043FF800549C03 /* AddEventViewController.h */ = {isa = PBXFileReference; fileEncoding = 4; lastKnownFileType = sourcecode.c.h; path = AddEventViewController.h; sourceTree = "<group>"; };
		F1B3F80614043FF800549C03 /* AddEventViewController.m */ = {isa = PBXFileReference; fileEncoding = 4; lastKnownFileType = sourcecode.c.objc; path = AddEventViewController.m; sourceTree = "<group>"; };
		F1B3F80714043FF900549C03 /* AddEventViewController.xib */ = {isa = PBXFileReference; fileEncoding = 4; lastKnownFileType = file.xib; path = AddEventViewController.xib; sourceTree = "<group>"; };
		F1B8013B14087964007CE067 /* Signature.h */ = {isa = PBXFileReference; fileEncoding = 4; lastKnownFileType = sourcecode.c.h; path = Signature.h; sourceTree = "<group>"; };
		F1B8013C14087964007CE067 /* Signature.m */ = {isa = PBXFileReference; fileEncoding = 4; lastKnownFileType = sourcecode.c.objc; path = Signature.m; sourceTree = "<group>"; };
		F1B8013E14087995007CE067 /* Event.h */ = {isa = PBXFileReference; fileEncoding = 4; lastKnownFileType = sourcecode.c.h; path = Event.h; sourceTree = "<group>"; };
		F1B8013F14087995007CE067 /* Event.m */ = {isa = PBXFileReference; fileEncoding = 4; lastKnownFileType = sourcecode.c.objc; path = Event.m; sourceTree = "<group>"; };
		F1B80149140C7924007CE067 /* MobileCoreServices.framework */ = {isa = PBXFileReference; lastKnownFileType = wrapper.framework; name = MobileCoreServices.framework; path = System/Library/Frameworks/MobileCoreServices.framework; sourceTree = SDKROOT; };
		F1C9E7B914184D03007F0E67 /* UIImage+Resize.h */ = {isa = PBXFileReference; fileEncoding = 4; lastKnownFileType = sourcecode.c.h; path = "UIImage+Resize.h"; sourceTree = "<group>"; };
		F1C9E7BA14184D03007F0E67 /* UIImage+Resize.m */ = {isa = PBXFileReference; fileEncoding = 4; lastKnownFileType = sourcecode.c.objc; path = "UIImage+Resize.m"; sourceTree = "<group>"; };
		F1C9E7BD14184D82007F0E67 /* UIImage+RoundedCorner.h */ = {isa = PBXFileReference; fileEncoding = 4; lastKnownFileType = sourcecode.c.h; path = "UIImage+RoundedCorner.h"; sourceTree = "<group>"; };
		F1C9E7BE14184D82007F0E67 /* UIImage+RoundedCorner.m */ = {isa = PBXFileReference; fileEncoding = 4; lastKnownFileType = sourcecode.c.objc; path = "UIImage+RoundedCorner.m"; sourceTree = "<group>"; };
		F1C9E7C014184DC1007F0E67 /* UIImage+Alpha.h */ = {isa = PBXFileReference; fileEncoding = 4; lastKnownFileType = sourcecode.c.h; path = "UIImage+Alpha.h"; sourceTree = "<group>"; };
		F1C9E7C114184DC1007F0E67 /* UIImage+Alpha.m */ = {isa = PBXFileReference; fileEncoding = 4; lastKnownFileType = sourcecode.c.objc; path = "UIImage+Alpha.m"; sourceTree = "<group>"; };
		F1DDDDEA1422B568001248EF /* pages.png */ = {isa = PBXFileReference; lastKnownFileType = image.png; path = pages.png; sourceTree = SOURCE_ROOT; };
/* End PBXFileReference section */

/* Begin PBXFrameworksBuildPhase section */
		F1B3F7B1140418F000549C03 /* Frameworks */ = {
			isa = PBXFrameworksBuildPhase;
			buildActionMask = 2147483647;
			files = (
				F1157EC314107DB90017C2CB /* MediaPlayer.framework in Frameworks */,
				F1B8014A140C7924007CE067 /* MobileCoreServices.framework in Frameworks */,
				F1B3F7B9140418F000549C03 /* UIKit.framework in Frameworks */,
				F1B3F7BB140418F000549C03 /* Foundation.framework in Frameworks */,
				F1B3F7BD140418F000549C03 /* CoreGraphics.framework in Frameworks */,
				F1B3F7BF140418F000549C03 /* CoreData.framework in Frameworks */,
			);
			runOnlyForDeploymentPostprocessing = 0;
		};
		F1B3F7D9140418F000549C03 /* Frameworks */ = {
			isa = PBXFrameworksBuildPhase;
			buildActionMask = 2147483647;
			files = (
				F1B3F7DE140418F000549C03 /* UIKit.framework in Frameworks */,
				F1B3F7DF140418F000549C03 /* Foundation.framework in Frameworks */,
				F1B3F7E0140418F000549C03 /* CoreGraphics.framework in Frameworks */,
				F1B3F7E1140418F000549C03 /* CoreData.framework in Frameworks */,
			);
			runOnlyForDeploymentPostprocessing = 0;
		};
/* End PBXFrameworksBuildPhase section */

/* Begin PBXGroup section */
		F1528C9A141BC3B0004BA1EF /* Resources */ = {
			isa = PBXGroup;
			children = (
				F1528C9B141BC40D004BA1EF /* iTunesArtwork */,
			);
			name = Resources;
			path = GuestBook;
			sourceTree = "<group>";
		};
		F1B3F7A9140418EF00549C03 = {
			isa = PBXGroup;
			children = (
				F1B3F7C0140418F000549C03 /* GuestBook */,
				F1B3F7E4140418F000549C03 /* GuestBookTests */,
				F1528C9A141BC3B0004BA1EF /* Resources */,
				F1B3F7B7140418F000549C03 /* Frameworks */,
				F1B3F7B5140418F000549C03 /* Products */,
			);
			sourceTree = "<group>";
		};
		F1B3F7B5140418F000549C03 /* Products */ = {
			isa = PBXGroup;
			children = (
				F1B3F7B4140418F000549C03 /* GuestBook.app */,
				F1B3F7DD140418F000549C03 /* GuestBookTests.octest */,
			);
			name = Products;
			sourceTree = "<group>";
		};
		F1B3F7B7140418F000549C03 /* Frameworks */ = {
			isa = PBXGroup;
			children = (
				F1157EC214107DB90017C2CB /* MediaPlayer.framework */,
				F1B80149140C7924007CE067 /* MobileCoreServices.framework */,
				F1B3F7B8140418F000549C03 /* UIKit.framework */,
				F1B3F7BA140418F000549C03 /* Foundation.framework */,
				F1B3F7BC140418F000549C03 /* CoreGraphics.framework */,
				F1B3F7BE140418F000549C03 /* CoreData.framework */,
			);
			name = Frameworks;
			sourceTree = "<group>";
		};
		F1B3F7C0140418F000549C03 /* GuestBook */ = {
			isa = PBXGroup;
			children = (
				F1B3F7F81404190B00549C03 /* MainWindow-iPad.xib */,
				F1B3F7CF140418F000549C03 /* MainWindow.xib */,
				F1B3F80514043FF800549C03 /* AddEventViewController.h */,
				F1B3F80614043FF800549C03 /* AddEventViewController.m */,
				F1B3F80714043FF900549C03 /* AddEventViewController.xib */,
				F1B3F80014043F6F00549C03 /* AddSignatureViewController.h */,
				F1B3F80114043F6F00549C03 /* AddSignatureViewController.m */,
				F1B3F80214043F6F00549C03 /* AddSignatureViewController.xib */,
				F1B3F7FB14043E9F00549C03 /* EventListController.h */,
				F1B3F7FC14043E9F00549C03 /* EventListController.m */,
				F1B3F7FD14043E9F00549C03 /* EventListController.xib */,
				F1B3F7C9140418F000549C03 /* GuestBookAppDelegate.h */,
				F1B3F7CA140418F000549C03 /* GuestBookAppDelegate.m */,
				F1B3F7D2140418F000549C03 /* RootViewController.h */,
				F1B3F7D3140418F000549C03 /* RootViewController.m */,
				F1B3F7D5140418F000549C03 /* RootViewController.xib */,
				F157356114119F520034BD4D /* DetailViewController.h */,
				F157356214119F520034BD4D /* DetailViewController.m */,
				F157356314119F520034BD4D /* DetailViewController.xib */,
				F1B3F7CC140418F000549C03 /* GuestBook.xcdatamodeld */,
				F1B8013E14087995007CE067 /* Event.h */,
				F1B8013F14087995007CE067 /* Event.m */,
				F1B8013B14087964007CE067 /* Signature.h */,
				F1B8013C14087964007CE067 /* Signature.m */,
				F1C9E7B914184D03007F0E67 /* UIImage+Resize.h */,
				F1C9E7BA14184D03007F0E67 /* UIImage+Resize.m */,
				F1C9E7BD14184D82007F0E67 /* UIImage+RoundedCorner.h */,
				F1C9E7BE14184D82007F0E67 /* UIImage+RoundedCorner.m */,
				F1C9E7C014184DC1007F0E67 /* UIImage+Alpha.h */,
				F1C9E7C114184DC1007F0E67 /* UIImage+Alpha.m */,
				F1B3F7C1140418F000549C03 /* Supporting Files */,
			);
			path = GuestBook;
			sourceTree = "<group>";
		};
		F1B3F7C1140418F000549C03 /* Supporting Files */ = {
			isa = PBXGroup;
			children = (
				F1157ECB14108F470017C2CB /* guestbook.png */,
				F18EAF5B141BC02100FA99AB /* book.png */,
				F1DDDDEA1422B568001248EF /* pages.png */,
				F18EAF58141BBABE00FA99AB /* spine.png */,
				F1157EC914108D940017C2CB /* Default-Portrait~ipad.png */,
				F1157EC514108D3F0017C2CB /* Default-Landscape~ipad.png */,
				F18F8754140488E2000DD6A4 /* GuestBookTasks.rtf */,
				F1ABACA41419AFCB00AF9BC5 /* no-media.png */,
				F1B3F7C2140418F000549C03 /* GuestBook-Info.plist */,
				F19EAB0B1424199300AA9EF6 /* settings.png */,
				F19EAB0C1424199300AA9EF6 /* spotlight.png */,
				F1B3F7C3140418F000549C03 /* InfoPlist.strings */,
				F1B3F7C6140418F000549C03 /* GuestBook-Prefix.pch */,
				F1B3F7C7140418F000549C03 /* main.m */,
			);
			name = "Supporting Files";
			sourceTree = "<group>";
		};
		F1B3F7E4140418F000549C03 /* GuestBookTests */ = {
			isa = PBXGroup;
			children = (
				F1B3F7EB140418F000549C03 /* GuestBookTests.h */,
				F1B3F7ED140418F000549C03 /* GuestBookTests.m */,
				F1B3F7E5140418F000549C03 /* Supporting Files */,
			);
			path = GuestBookTests;
			sourceTree = "<group>";
		};
		F1B3F7E5140418F000549C03 /* Supporting Files */ = {
			isa = PBXGroup;
			children = (
				F1B3F7E6140418F000549C03 /* GuestBookTests-Info.plist */,
				F1B3F7E7140418F000549C03 /* InfoPlist.strings */,
				F1B3F7EA140418F000549C03 /* GuestBookTests-Prefix.pch */,
			);
			name = "Supporting Files";
			sourceTree = "<group>";
		};
/* End PBXGroup section */

/* Begin PBXNativeTarget section */
		F1B3F7B3140418F000549C03 /* GuestBook */ = {
			isa = PBXNativeTarget;
			buildConfigurationList = F1B3F7F1140418F000549C03 /* Build configuration list for PBXNativeTarget "GuestBook" */;
			buildPhases = (
				F1B3F7B0140418F000549C03 /* Sources */,
				F1B3F7B1140418F000549C03 /* Frameworks */,
				F1B3F7B2140418F000549C03 /* Resources */,
			);
			buildRules = (
			);
			dependencies = (
			);
			name = GuestBook;
			productName = GuestBook;
			productReference = F1B3F7B4140418F000549C03 /* GuestBook.app */;
			productType = "com.apple.product-type.application";
		};
		F1B3F7DC140418F000549C03 /* GuestBookTests */ = {
			isa = PBXNativeTarget;
			buildConfigurationList = F1B3F7F4140418F000549C03 /* Build configuration list for PBXNativeTarget "GuestBookTests" */;
			buildPhases = (
				F1B3F7D8140418F000549C03 /* Sources */,
				F1B3F7D9140418F000549C03 /* Frameworks */,
				F1B3F7DA140418F000549C03 /* Resources */,
				F1B3F7DB140418F000549C03 /* ShellScript */,
			);
			buildRules = (
			);
			dependencies = (
				F1B3F7E3140418F000549C03 /* PBXTargetDependency */,
			);
			name = GuestBookTests;
			productName = GuestBookTests;
			productReference = F1B3F7DD140418F000549C03 /* GuestBookTests.octest */;
			productType = "com.apple.product-type.bundle";
		};
/* End PBXNativeTarget section */

/* Begin PBXProject section */
		F1B3F7AB140418EF00549C03 /* Project object */ = {
			isa = PBXProject;
			attributes = {
				LastUpgradeCheck = 0420;
				ORGANIZATIONNAME = UnspunProductions;
			};
			buildConfigurationList = F1B3F7AE140418EF00549C03 /* Build configuration list for PBXProject "GuestBook" */;
			compatibilityVersion = "Xcode 3.2";
			developmentRegion = English;
			hasScannedForEncodings = 0;
			knownRegions = (
				en,
			);
			mainGroup = F1B3F7A9140418EF00549C03;
			productRefGroup = F1B3F7B5140418F000549C03 /* Products */;
			projectDirPath = "";
			projectRoot = "";
			targets = (
				F1B3F7B3140418F000549C03 /* GuestBook */,
				F1B3F7DC140418F000549C03 /* GuestBookTests */,
			);
		};
/* End PBXProject section */

/* Begin PBXResourcesBuildPhase section */
		F1B3F7B2140418F000549C03 /* Resources */ = {
			isa = PBXResourcesBuildPhase;
			buildActionMask = 2147483647;
			files = (
				F1B3F7C5140418F000549C03 /* InfoPlist.strings in Resources */,
				F1B3F7D1140418F000549C03 /* MainWindow.xib in Resources */,
				F1B3F7D7140418F000549C03 /* RootViewController.xib in Resources */,
				F1B3F7FA1404190B00549C03 /* MainWindow-iPad.xib in Resources */,
				F1B3F7FF14043E9F00549C03 /* EventListController.xib in Resources */,
				F1B3F80414043F6F00549C03 /* AddSignatureViewController.xib in Resources */,
				F1B3F80914043FF900549C03 /* AddEventViewController.xib in Resources */,
				F1157EC614108D3F0017C2CB /* Default-Landscape~ipad.png in Resources */,
				F1157ECA14108D940017C2CB /* Default-Portrait~ipad.png in Resources */,
				F1157ECC14108F470017C2CB /* guestbook.png in Resources */,
				F157356514119F520034BD4D /* DetailViewController.xib in Resources */,
				F1ABACA51419AFCB00AF9BC5 /* no-media.png in Resources */,
				F18EAF59141BBABE00FA99AB /* spine.png in Resources */,
				F1528C9C141BC40D004BA1EF /* iTunesArtwork in Resources */,
				F1DDDDEB1422B568001248EF /* pages.png in Resources */,
				F19EAB0D1424199400AA9EF6 /* settings.png in Resources */,
				F19EAB0E1424199400AA9EF6 /* spotlight.png in Resources */,
			);
			runOnlyForDeploymentPostprocessing = 0;
		};
		F1B3F7DA140418F000549C03 /* Resources */ = {
			isa = PBXResourcesBuildPhase;
			buildActionMask = 2147483647;
			files = (
				F1B3F7E9140418F000549C03 /* InfoPlist.strings in Resources */,
				F1B3F7EC140418F000549C03 /* GuestBookTests.h in Resources */,
			);
			runOnlyForDeploymentPostprocessing = 0;
		};
/* End PBXResourcesBuildPhase section */

/* Begin PBXShellScriptBuildPhase section */
		F1B3F7DB140418F000549C03 /* ShellScript */ = {
			isa = PBXShellScriptBuildPhase;
			buildActionMask = 2147483647;
			files = (
			);
			inputPaths = (
			);
			outputPaths = (
			);
			runOnlyForDeploymentPostprocessing = 0;
			shellPath = /bin/sh;
			shellScript = "# Run the unit tests in this test bundle.\n\"${SYSTEM_DEVELOPER_DIR}/Tools/RunUnitTests\"\n";
		};
/* End PBXShellScriptBuildPhase section */

/* Begin PBXSourcesBuildPhase section */
		F1B3F7B0140418F000549C03 /* Sources */ = {
			isa = PBXSourcesBuildPhase;
			buildActionMask = 2147483647;
			files = (
				F1B3F7C8140418F000549C03 /* main.m in Sources */,
				F1B3F7CB140418F000549C03 /* GuestBookAppDelegate.m in Sources */,
				F1B3F7CE140418F000549C03 /* GuestBook.xcdatamodeld in Sources */,
				F1B3F7D4140418F000549C03 /* RootViewController.m in Sources */,
				F1B3F7FE14043E9F00549C03 /* EventListController.m in Sources */,
				F1B3F80314043F6F00549C03 /* AddSignatureViewController.m in Sources */,
				F1B3F80814043FF900549C03 /* AddEventViewController.m in Sources */,
				F1B8013D14087964007CE067 /* Signature.m in Sources */,
				F1B8014014087995007CE067 /* Event.m in Sources */,
				F157356414119F520034BD4D /* DetailViewController.m in Sources */,
				F1C9E7BB14184D03007F0E67 /* UIImage+Resize.m in Sources */,
				F1C9E7BF14184D82007F0E67 /* UIImage+RoundedCorner.m in Sources */,
				F1C9E7C214184DC1007F0E67 /* UIImage+Alpha.m in Sources */,
			);
			runOnlyForDeploymentPostprocessing = 0;
		};
		F1B3F7D8140418F000549C03 /* Sources */ = {
			isa = PBXSourcesBuildPhase;
			buildActionMask = 2147483647;
			files = (
				F1B3F7EE140418F000549C03 /* GuestBookTests.m in Sources */,
			);
			runOnlyForDeploymentPostprocessing = 0;
		};
/* End PBXSourcesBuildPhase section */

/* Begin PBXTargetDependency section */
		F1B3F7E3140418F000549C03 /* PBXTargetDependency */ = {
			isa = PBXTargetDependency;
			target = F1B3F7B3140418F000549C03 /* GuestBook */;
			targetProxy = F1B3F7E2140418F000549C03 /* PBXContainerItemProxy */;
		};
/* End PBXTargetDependency section */

/* Begin PBXVariantGroup section */
		F1B3F7C3140418F000549C03 /* InfoPlist.strings */ = {
			isa = PBXVariantGroup;
			children = (
				F1B3F7C4140418F000549C03 /* en */,
			);
			name = InfoPlist.strings;
			sourceTree = "<group>";
		};
		F1B3F7CF140418F000549C03 /* MainWindow.xib */ = {
			isa = PBXVariantGroup;
			children = (
				F1B3F7D0140418F000549C03 /* en */,
			);
			name = MainWindow.xib;
			sourceTree = "<group>";
		};
		F1B3F7D5140418F000549C03 /* RootViewController.xib */ = {
			isa = PBXVariantGroup;
			children = (
				F1B3F7D6140418F000549C03 /* en */,
			);
			name = RootViewController.xib;
			sourceTree = "<group>";
		};
		F1B3F7E7140418F000549C03 /* InfoPlist.strings */ = {
			isa = PBXVariantGroup;
			children = (
				F1B3F7E8140418F000549C03 /* en */,
			);
			name = InfoPlist.strings;
			sourceTree = "<group>";
		};
		F1B3F7F81404190B00549C03 /* MainWindow-iPad.xib */ = {
			isa = PBXVariantGroup;
			children = (
				F1B3F7F91404190B00549C03 /* en */,
			);
			name = "MainWindow-iPad.xib";
			sourceTree = "<group>";
		};
/* End PBXVariantGroup section */

/* Begin XCBuildConfiguration section */
		F17A264B1410F27A00FD92C3 /* Ad Hoc */ = {
			isa = XCBuildConfiguration;
			buildSettings = {
				ARCHS = "$(ARCHS_UNIVERSAL_IPHONE_OS)";
				CODE_SIGN_IDENTITY = "iPhone Distribution: Matthew Brenneke";
				"CODE_SIGN_IDENTITY[sdk=iphoneos*]" = "iPhone Distribution: Matthew Brenneke";
				GCC_C_LANGUAGE_STANDARD = gnu99;
				GCC_VERSION = "";
				GCC_WARN_ABOUT_RETURN_TYPE = YES;
				GCC_WARN_UNUSED_VARIABLE = YES;
				IPHONEOS_DEPLOYMENT_TARGET = 4.0;
				OTHER_CFLAGS = "-DNS_BLOCK_ASSERTIONS=1";
				PROVISIONING_PROFILE = "85EE24ED-9557-4F71-87C9-FDA43FC3CEB8";
				"PROVISIONING_PROFILE[sdk=iphoneos*]" = "85EE24ED-9557-4F71-87C9-FDA43FC3CEB8";
				SDKROOT = iphoneos;
				TARGETED_DEVICE_FAMILY = 2;
			};
			name = "Ad Hoc";
		};
		F17A264C1410F27A00FD92C3 /* Ad Hoc */ = {
			isa = XCBuildConfiguration;
			buildSettings = {
				ALWAYS_SEARCH_USER_PATHS = NO;
				ARCHS = "$(ARCHS_UNIVERSAL_IPHONE_OS)";
				COPY_PHASE_STRIP = YES;
				GCC_PRECOMPILE_PREFIX_HEADER = YES;
				GCC_PREFIX_HEADER = "GuestBook/GuestBook-Prefix.pch";
				GCC_VERSION = com.apple.compilers.llvm.clang.1_0;
				INFOPLIST_FILE = "GuestBook/GuestBook-Info.plist";
				IPHONEOS_DEPLOYMENT_TARGET = 4.0;
				PRODUCT_NAME = "$(TARGET_NAME)";
				TARGETED_DEVICE_FAMILY = 2;
				VALIDATE_PRODUCT = YES;
				WRAPPER_EXTENSION = app;
			};
			name = "Ad Hoc";
		};
		F17A264D1410F27A00FD92C3 /* Ad Hoc */ = {
			isa = XCBuildConfiguration;
			buildSettings = {
				ALWAYS_SEARCH_USER_PATHS = NO;
				BUNDLE_LOADER = "$(BUILT_PRODUCTS_DIR)/GuestBook.app/GuestBook";
				FRAMEWORK_SEARCH_PATHS = (
					"$(SDKROOT)/Developer/Library/Frameworks",
					"$(DEVELOPER_LIBRARY_DIR)/Frameworks",
				);
				GCC_PRECOMPILE_PREFIX_HEADER = YES;
				GCC_PREFIX_HEADER = "GuestBookTests/GuestBookTests-Prefix.pch";
				GCC_VERSION = com.apple.compilers.llvm.clang.1_0;
				INFOPLIST_FILE = "GuestBookTests/GuestBookTests-Info.plist";
				OTHER_LDFLAGS = (
					"-framework",
					SenTestingKit,
				);
				PRODUCT_NAME = "$(TARGET_NAME)";
				TEST_HOST = "$(BUNDLE_LOADER)";
				WRAPPER_EXTENSION = octest;
			};
			name = "Ad Hoc";
		};
		F19EAB0F14242C0300AA9EF6 /* guestbookDistribution */ = {
			isa = XCBuildConfiguration;
			buildSettings = {
				ARCHS = "$(ARCHS_UNIVERSAL_IPHONE_OS)";
				CODE_SIGN_IDENTITY = "iPhone Distribution: Matthew Brenneke";
				"CODE_SIGN_IDENTITY[sdk=iphoneos*]" = "iPhone Distribution: Matthew Brenneke";
				GCC_C_LANGUAGE_STANDARD = gnu99;
				GCC_VERSION = "";
				GCC_WARN_ABOUT_RETURN_TYPE = YES;
				GCC_WARN_UNUSED_VARIABLE = YES;
				IPHONEOS_DEPLOYMENT_TARGET = 4.0;
				OTHER_CFLAGS = "-DNS_BLOCK_ASSERTIONS=1";
				PROVISIONING_PROFILE = "08794BF2-BA9B-4727-B693-02403A4ABF0D";
				"PROVISIONING_PROFILE[sdk=iphoneos*]" = "08794BF2-BA9B-4727-B693-02403A4ABF0D";
				SDKROOT = iphoneos;
				TARGETED_DEVICE_FAMILY = 2;
			};
			name = guestbookDistribution;
		};
		F19EAB1014242C0300AA9EF6 /* guestbookDistribution */ = {
			isa = XCBuildConfiguration;
			buildSettings = {
				ALWAYS_SEARCH_USER_PATHS = NO;
				ARCHS = "$(ARCHS_UNIVERSAL_IPHONE_OS)";
				COPY_PHASE_STRIP = YES;
				GCC_PRECOMPILE_PREFIX_HEADER = YES;
				GCC_PREFIX_HEADER = "GuestBook/GuestBook-Prefix.pch";
				GCC_VERSION = com.apple.compilers.llvm.clang.1_0;
				INFOPLIST_FILE = "GuestBook/GuestBook-Info.plist";
				IPHONEOS_DEPLOYMENT_TARGET = 4.0;
				PRODUCT_NAME = "$(TARGET_NAME)";
				TARGETED_DEVICE_FAMILY = 2;
				VALIDATE_PRODUCT = YES;
				WRAPPER_EXTENSION = app;
			};
			name = guestbookDistribution;
		};
		F19EAB1114242C0300AA9EF6 /* guestbookDistribution */ = {
			isa = XCBuildConfiguration;
			buildSettings = {
				ALWAYS_SEARCH_USER_PATHS = NO;
				BUNDLE_LOADER = "$(BUILT_PRODUCTS_DIR)/GuestBook.app/GuestBook";
				FRAMEWORK_SEARCH_PATHS = (
					"$(SDKROOT)/Developer/Library/Frameworks",
					"$(DEVELOPER_LIBRARY_DIR)/Frameworks",
				);
				GCC_PRECOMPILE_PREFIX_HEADER = YES;
				GCC_PREFIX_HEADER = "GuestBookTests/GuestBookTests-Prefix.pch";
				GCC_VERSION = com.apple.compilers.llvm.clang.1_0;
				INFOPLIST_FILE = "GuestBookTests/GuestBookTests-Info.plist";
				OTHER_LDFLAGS = (
					"-framework",
					SenTestingKit,
				);
				PRODUCT_NAME = "$(TARGET_NAME)";
				TEST_HOST = "$(BUNDLE_LOADER)";
				WRAPPER_EXTENSION = octest;
			};
			name = guestbookDistribution;
		};
		F1B3F7EF140418F000549C03 /* Debug */ = {
			isa = XCBuildConfiguration;
			buildSettings = {
				ARCHS = "$(ARCHS_UNIVERSAL_IPHONE_OS)";
				"CODE_SIGN_IDENTITY[sdk=iphoneos*]" = "iPhone Developer";
				GCC_C_LANGUAGE_STANDARD = gnu99;
				GCC_OPTIMIZATION_LEVEL = 0;
				GCC_PREPROCESSOR_DEFINITIONS = DEBUG;
				GCC_SYMBOLS_PRIVATE_EXTERN = NO;
				GCC_VERSION = "";
				GCC_WARN_ABOUT_RETURN_TYPE = YES;
				GCC_WARN_UNUSED_VARIABLE = YES;
				IPHONEOS_DEPLOYMENT_TARGET = 4.0;
				SDKROOT = iphoneos;
				TARGETED_DEVICE_FAMILY = 2;
			};
			name = Debug;
		};
		F1B3F7F0140418F000549C03 /* Release */ = {
			isa = XCBuildConfiguration;
			buildSettings = {
				ARCHS = "$(ARCHS_UNIVERSAL_IPHONE_OS)";
				CODE_SIGN_IDENTITY = "iPhone Distribution";
				"CODE_SIGN_IDENTITY[sdk=iphoneos*]" = "iPhone Distribution: Matthew Brenneke";
				GCC_C_LANGUAGE_STANDARD = gnu99;
				GCC_VERSION = "";
				GCC_WARN_ABOUT_RETURN_TYPE = YES;
				GCC_WARN_UNUSED_VARIABLE = YES;
				IPHONEOS_DEPLOYMENT_TARGET = 4.0;
				OTHER_CFLAGS = "-DNS_BLOCK_ASSERTIONS=1";
				PROVISIONING_PROFILE = "";
				"PROVISIONING_PROFILE[sdk=iphoneos*]" = "08794BF2-BA9B-4727-B693-02403A4ABF0D";
				SDKROOT = iphoneos;
				TARGETED_DEVICE_FAMILY = 2;
			};
			name = Release;
		};
		F1B3F7F2140418F000549C03 /* Debug */ = {
			isa = XCBuildConfiguration;
			buildSettings = {
				ALWAYS_SEARCH_USER_PATHS = NO;
				ARCHS = "$(ARCHS_UNIVERSAL_IPHONE_OS)";
				COPY_PHASE_STRIP = NO;
				GCC_DYNAMIC_NO_PIC = NO;
				GCC_PRECOMPILE_PREFIX_HEADER = YES;
				GCC_PREFIX_HEADER = "GuestBook/GuestBook-Prefix.pch";
				GCC_VERSION = com.apple.compilers.llvm.clang.1_0;
				INFOPLIST_FILE = "GuestBook/GuestBook-Info.plist";
				IPHONEOS_DEPLOYMENT_TARGET = 4.0;
				PRODUCT_NAME = "$(TARGET_NAME)";
				TARGETED_DEVICE_FAMILY = 2;
				WRAPPER_EXTENSION = app;
			};
			name = Debug;
		};
		F1B3F7F3140418F000549C03 /* Release */ = {
			isa = XCBuildConfiguration;
			buildSettings = {
				ALWAYS_SEARCH_USER_PATHS = NO;
				ARCHS = "$(ARCHS_UNIVERSAL_IPHONE_OS)";
				COPY_PHASE_STRIP = YES;
				GCC_PRECOMPILE_PREFIX_HEADER = YES;
				GCC_PREFIX_HEADER = "GuestBook/GuestBook-Prefix.pch";
				GCC_VERSION = com.apple.compilers.llvm.clang.1_0;
				INFOPLIST_FILE = "GuestBook/GuestBook-Info.plist";
				IPHONEOS_DEPLOYMENT_TARGET = 4.0;
				PRODUCT_NAME = "$(TARGET_NAME)";
				TARGETED_DEVICE_FAMILY = 2;
				VALIDATE_PRODUCT = YES;
				WRAPPER_EXTENSION = app;
			};
			name = Release;
		};
		F1B3F7F5140418F000549C03 /* Debug */ = {
			isa = XCBuildConfiguration;
			buildSettings = {
				ALWAYS_SEARCH_USER_PATHS = NO;
				BUNDLE_LOADER = "$(BUILT_PRODUCTS_DIR)/GuestBook.app/GuestBook";
				FRAMEWORK_SEARCH_PATHS = (
					"$(SDKROOT)/Developer/Library/Frameworks",
					"$(DEVELOPER_LIBRARY_DIR)/Frameworks",
				);
				GCC_PRECOMPILE_PREFIX_HEADER = YES;
				GCC_PREFIX_HEADER = "GuestBookTests/GuestBookTests-Prefix.pch";
				GCC_VERSION = com.apple.compilers.llvm.clang.1_0;
				INFOPLIST_FILE = "GuestBookTests/GuestBookTests-Info.plist";
				OTHER_LDFLAGS = (
					"-framework",
					SenTestingKit,
				);
				PRODUCT_NAME = "$(TARGET_NAME)";
				TEST_HOST = "$(BUNDLE_LOADER)";
				WRAPPER_EXTENSION = octest;
			};
			name = Debug;
		};
		F1B3F7F6140418F000549C03 /* Release */ = {
			isa = XCBuildConfiguration;
			buildSettings = {
				ALWAYS_SEARCH_USER_PATHS = NO;
				BUNDLE_LOADER = "$(BUILT_PRODUCTS_DIR)/GuestBook.app/GuestBook";
				FRAMEWORK_SEARCH_PATHS = (
					"$(SDKROOT)/Developer/Library/Frameworks",
					"$(DEVELOPER_LIBRARY_DIR)/Frameworks",
				);
				GCC_PRECOMPILE_PREFIX_HEADER = YES;
				GCC_PREFIX_HEADER = "GuestBookTests/GuestBookTests-Prefix.pch";
				GCC_VERSION = com.apple.compilers.llvm.clang.1_0;
				INFOPLIST_FILE = "GuestBookTests/GuestBookTests-Info.plist";
				OTHER_LDFLAGS = (
					"-framework",
					SenTestingKit,
				);
				PRODUCT_NAME = "$(TARGET_NAME)";
				TEST_HOST = "$(BUNDLE_LOADER)";
				WRAPPER_EXTENSION = octest;
			};
			name = Release;
		};
/* End XCBuildConfiguration section */

/* Begin XCConfigurationList section */
		F1B3F7AE140418EF00549C03 /* Build configuration list for PBXProject "GuestBook" */ = {
			isa = XCConfigurationList;
			buildConfigurations = (
				F1B3F7EF140418F000549C03 /* Debug */,
				F1B3F7F0140418F000549C03 /* Release */,
				F19EAB0F14242C0300AA9EF6 /* guestbookDistribution */,
				F17A264B1410F27A00FD92C3 /* Ad Hoc */,
			);
			defaultConfigurationIsVisible = 0;
			defaultConfigurationName = Release;
		};
		F1B3F7F1140418F000549C03 /* Build configuration list for PBXNativeTarget "GuestBook" */ = {
			isa = XCConfigurationList;
			buildConfigurations = (
				F1B3F7F2140418F000549C03 /* Debug */,
				F1B3F7F3140418F000549C03 /* Release */,
				F19EAB1014242C0300AA9EF6 /* guestbookDistribution */,
				F17A264C1410F27A00FD92C3 /* Ad Hoc */,
			);
			defaultConfigurationIsVisible = 0;
			defaultConfigurationName = Release;
		};
		F1B3F7F4140418F000549C03 /* Build configuration list for PBXNativeTarget "GuestBookTests" */ = {
			isa = XCConfigurationList;
			buildConfigurations = (
				F1B3F7F5140418F000549C03 /* Debug */,
				F1B3F7F6140418F000549C03 /* Release */,
				F19EAB1114242C0300AA9EF6 /* guestbookDistribution */,
				F17A264D1410F27A00FD92C3 /* Ad Hoc */,
			);
			defaultConfigurationIsVisible = 0;
			defaultConfigurationName = Release;
		};
/* End XCConfigurationList section */

/* Begin XCVersionGroup section */
		F1B3F7CC140418F000549C03 /* GuestBook.xcdatamodeld */ = {
			isa = XCVersionGroup;
			children = (
				F1B3F7CD140418F000549C03 /* GuestBook.xcdatamodel */,
			);
			currentVersion = F1B3F7CD140418F000549C03 /* GuestBook.xcdatamodel */;
			path = GuestBook.xcdatamodeld;
			sourceTree = "<group>";
			versionGroupType = wrapper.xcdatamodel;
		};
/* End XCVersionGroup section */
	};
	rootObject = F1B3F7AB140418EF00549C03 /* Project object */;
}
